// !$*UTF8*$!
{
	archiveVersion = 1;
	classes = {
	};
	objectVersion = 50;
	objects = {

/* Begin PBXBuildFile section */
		56FEE3BE2372FFD500F82D83 /* AppDelegate.swift in Sources */ = {isa = PBXBuildFile; fileRef = 56FEE3BD2372FFD500F82D83 /* AppDelegate.swift */; };
		56FEE3C02372FFD500F82D83 /* ViewController.swift in Sources */ = {isa = PBXBuildFile; fileRef = 56FEE3BF2372FFD500F82D83 /* ViewController.swift */; };
		56FEE3C22372FFD600F82D83 /* Assets.xcassets in Resources */ = {isa = PBXBuildFile; fileRef = 56FEE3C12372FFD600F82D83 /* Assets.xcassets */; };
		56FEE3C52372FFD600F82D83 /* Main.storyboard in Resources */ = {isa = PBXBuildFile; fileRef = 56FEE3C32372FFD600F82D83 /* Main.storyboard */; };
		56FEE3D42372FFF600F82D83 /* PacketTunnelProvider.swift in Sources */ = {isa = PBXBuildFile; fileRef = 56FEE3D32372FFF600F82D83 /* PacketTunnelProvider.swift */; };
		56FEE3D92372FFF600F82D83 /* PucketTunnelProvider.appex in Embed App Extensions */ = {isa = PBXBuildFile; fileRef = 56FEE3D12372FFF600F82D83 /* PucketTunnelProvider.appex */; settings = {ATTRIBUTES = (RemoveHeadersOnCopy, ); }; };
		56FEE3E02373002600F82D83 /* NetworkExtension.framework in Frameworks */ = {isa = PBXBuildFile; fileRef = 56FEE3DF2373002600F82D83 /* NetworkExtension.framework */; };
		56FEE3E1237300D600F82D83 /* NetworkExtension.framework in Frameworks */ = {isa = PBXBuildFile; fileRef = 56FEE3DF2373002600F82D83 /* NetworkExtension.framework */; };
		56FEE3E3237301EF00F82D83 /* OpenVPNAdapter.framework in Frameworks */ = {isa = PBXBuildFile; fileRef = 56FEE3E2237301EF00F82D83 /* OpenVPNAdapter.framework */; };
		56FEE3E4237301EF00F82D83 /* OpenVPNAdapter.framework in Embed Frameworks */ = {isa = PBXBuildFile; fileRef = 56FEE3E2237301EF00F82D83 /* OpenVPNAdapter.framework */; settings = {ATTRIBUTES = (CodeSignOnCopy, RemoveHeadersOnCopy, ); }; };
		56FEE3E6237301F300F82D83 /* OpenVPNAdapter.framework in Frameworks */ = {isa = PBXBuildFile; fileRef = 56FEE3E2237301EF00F82D83 /* OpenVPNAdapter.framework */; };
		56FEE3E7237301F300F82D83 /* OpenVPNAdapter.framework in Embed Frameworks */ = {isa = PBXBuildFile; fileRef = 56FEE3E2237301EF00F82D83 /* OpenVPNAdapter.framework */; settings = {ATTRIBUTES = (CodeSignOnCopy, RemoveHeadersOnCopy, ); }; };
		56FEE3EA2373023900F82D83 /* Then.swift in Sources */ = {isa = PBXBuildFile; fileRef = 56FEE3E92373023900F82D83 /* Then.swift */; };
/* End PBXBuildFile section */

/* Begin PBXContainerItemProxy section */
		56FEE3D72372FFF600F82D83 /* PBXContainerItemProxy */ = {
			isa = PBXContainerItemProxy;
			containerPortal = 56FEE3B22372FFD500F82D83 /* Project object */;
			proxyType = 1;
			remoteGlobalIDString = 56FEE3D02372FFF600F82D83;
			remoteInfo = PucketTunnelProvider;
		};
/* End PBXContainerItemProxy section */

/* Begin PBXCopyFilesBuildPhase section */
		56FEE3DD2372FFF600F82D83 /* Embed App Extensions */ = {
			isa = PBXCopyFilesBuildPhase;
			buildActionMask = 2147483647;
			dstPath = "";
			dstSubfolderSpec = 13;
			files = (
				56FEE3D92372FFF600F82D83 /* PucketTunnelProvider.appex in Embed App Extensions */,
			);
			name = "Embed App Extensions";
			runOnlyForDeploymentPostprocessing = 0;
		};
		56FEE3E5237301EF00F82D83 /* Embed Frameworks */ = {
			isa = PBXCopyFilesBuildPhase;
			buildActionMask = 2147483647;
			dstPath = "";
			dstSubfolderSpec = 10;
			files = (
				56FEE3E4237301EF00F82D83 /* OpenVPNAdapter.framework in Embed Frameworks */,
			);
			name = "Embed Frameworks";
			runOnlyForDeploymentPostprocessing = 0;
		};
		56FEE3E8237301F400F82D83 /* Embed Frameworks */ = {
			isa = PBXCopyFilesBuildPhase;
			buildActionMask = 2147483647;
			dstPath = "";
			dstSubfolderSpec = 10;
			files = (
				56FEE3E7237301F300F82D83 /* OpenVPNAdapter.framework in Embed Frameworks */,
			);
			name = "Embed Frameworks";
			runOnlyForDeploymentPostprocessing = 0;
		};
/* End PBXCopyFilesBuildPhase section */

/* Begin PBXFileReference section */
		56FEE3BA2372FFD500F82D83 /* mac_vpn_test2.app */ = {isa = PBXFileReference; explicitFileType = wrapper.application; includeInIndex = 0; path = mac_vpn_test2.app; sourceTree = BUILT_PRODUCTS_DIR; };
		56FEE3BD2372FFD500F82D83 /* AppDelegate.swift */ = {isa = PBXFileReference; lastKnownFileType = sourcecode.swift; path = AppDelegate.swift; sourceTree = "<group>"; };
		56FEE3BF2372FFD500F82D83 /* ViewController.swift */ = {isa = PBXFileReference; lastKnownFileType = sourcecode.swift; path = ViewController.swift; sourceTree = "<group>"; };
		56FEE3C12372FFD600F82D83 /* Assets.xcassets */ = {isa = PBXFileReference; lastKnownFileType = folder.assetcatalog; path = Assets.xcassets; sourceTree = "<group>"; };
		56FEE3C42372FFD600F82D83 /* Base */ = {isa = PBXFileReference; lastKnownFileType = file.storyboard; name = Base; path = Base.lproj/Main.storyboard; sourceTree = "<group>"; };
		56FEE3C62372FFD600F82D83 /* Info.plist */ = {isa = PBXFileReference; lastKnownFileType = text.plist.xml; path = Info.plist; sourceTree = "<group>"; };
		56FEE3C72372FFD600F82D83 /* mac_vpn_test2.entitlements */ = {isa = PBXFileReference; lastKnownFileType = text.plist.entitlements; path = mac_vpn_test2.entitlements; sourceTree = "<group>"; };
		56FEE3D12372FFF600F82D83 /* PucketTunnelProvider.appex */ = {isa = PBXFileReference; explicitFileType = "wrapper.app-extension"; includeInIndex = 0; path = PucketTunnelProvider.appex; sourceTree = BUILT_PRODUCTS_DIR; };
		56FEE3D32372FFF600F82D83 /* PacketTunnelProvider.swift */ = {isa = PBXFileReference; lastKnownFileType = sourcecode.swift; path = PacketTunnelProvider.swift; sourceTree = "<group>"; };
		56FEE3D52372FFF600F82D83 /* Info.plist */ = {isa = PBXFileReference; lastKnownFileType = text.plist.xml; path = Info.plist; sourceTree = "<group>"; };
		56FEE3D62372FFF600F82D83 /* PucketTunnelProvider.entitlements */ = {isa = PBXFileReference; lastKnownFileType = text.plist.entitlements; path = PucketTunnelProvider.entitlements; sourceTree = "<group>"; };
		56FEE3DF2373002600F82D83 /* NetworkExtension.framework */ = {isa = PBXFileReference; lastKnownFileType = wrapper.framework; name = NetworkExtension.framework; path = System/Library/Frameworks/NetworkExtension.framework; sourceTree = SDKROOT; };
		56FEE3E2237301EF00F82D83 /* OpenVPNAdapter.framework */ = {isa = PBXFileReference; lastKnownFileType = wrapper.framework; name = OpenVPNAdapter.framework; path = Carthage/Build/Mac/OpenVPNAdapter.framework; sourceTree = "<group>"; };
		56FEE3E92373023900F82D83 /* Then.swift */ = {isa = PBXFileReference; lastKnownFileType = sourcecode.swift; path = Then.swift; sourceTree = "<group>"; };
/* End PBXFileReference section */

/* Begin PBXFrameworksBuildPhase section */
		56FEE3B72372FFD500F82D83 /* Frameworks */ = {
			isa = PBXFrameworksBuildPhase;
			buildActionMask = 2147483647;
			files = (
				56FEE3E02373002600F82D83 /* NetworkExtension.framework in Frameworks */,
				56FEE3E6237301F300F82D83 /* OpenVPNAdapter.framework in Frameworks */,
			);
			runOnlyForDeploymentPostprocessing = 0;
		};
		56FEE3CE2372FFF600F82D83 /* Frameworks */ = {
			isa = PBXFrameworksBuildPhase;
			buildActionMask = 2147483647;
			files = (
				56FEE3E1237300D600F82D83 /* NetworkExtension.framework in Frameworks */,
				56FEE3E3237301EF00F82D83 /* OpenVPNAdapter.framework in Frameworks */,
			);
			runOnlyForDeploymentPostprocessing = 0;
		};
/* End PBXFrameworksBuildPhase section */

/* Begin PBXGroup section */
		56FEE3B12372FFD500F82D83 = {
			isa = PBXGroup;
			children = (
				56FEE3BC2372FFD500F82D83 /* mac_vpn_test2 */,
				56FEE3D22372FFF600F82D83 /* PucketTunnelProvider */,
				56FEE3BB2372FFD500F82D83 /* Products */,
				56FEE3DE2373002600F82D83 /* Frameworks */,
			);
			sourceTree = "<group>";
		};
		56FEE3BB2372FFD500F82D83 /* Products */ = {
			isa = PBXGroup;
			children = (
				56FEE3BA2372FFD500F82D83 /* mac_vpn_test2.app */,
				56FEE3D12372FFF600F82D83 /* PucketTunnelProvider.appex */,
			);
			name = Products;
			sourceTree = "<group>";
		};
		56FEE3BC2372FFD500F82D83 /* mac_vpn_test2 */ = {
			isa = PBXGroup;
			children = (
				56FEE3BD2372FFD500F82D83 /* AppDelegate.swift */,
				56FEE3BF2372FFD500F82D83 /* ViewController.swift */,
				56FEE3C12372FFD600F82D83 /* Assets.xcassets */,
				56FEE3C32372FFD600F82D83 /* Main.storyboard */,
				56FEE3C62372FFD600F82D83 /* Info.plist */,
				56FEE3C72372FFD600F82D83 /* mac_vpn_test2.entitlements */,
			);
			path = mac_vpn_test2;
			sourceTree = "<group>";
		};
		56FEE3D22372FFF600F82D83 /* PucketTunnelProvider */ = {
			isa = PBXGroup;
			children = (
				56FEE3D32372FFF600F82D83 /* PacketTunnelProvider.swift */,
				56FEE3D52372FFF600F82D83 /* Info.plist */,
				56FEE3D62372FFF600F82D83 /* PucketTunnelProvider.entitlements */,
				56FEE3E92373023900F82D83 /* Then.swift */,
			);
			path = PucketTunnelProvider;
			sourceTree = "<group>";
		};
		56FEE3DE2373002600F82D83 /* Frameworks */ = {
			isa = PBXGroup;
			children = (
				56FEE3E2237301EF00F82D83 /* OpenVPNAdapter.framework */,
				56FEE3DF2373002600F82D83 /* NetworkExtension.framework */,
			);
			name = Frameworks;
			sourceTree = "<group>";
		};
/* End PBXGroup section */

/* Begin PBXNativeTarget section */
		56FEE3B92372FFD500F82D83 /* mac_vpn_test2 */ = {
			isa = PBXNativeTarget;
			buildConfigurationList = 56FEE3CA2372FFD600F82D83 /* Build configuration list for PBXNativeTarget "mac_vpn_test2" */;
			buildPhases = (
				56FEE3B62372FFD500F82D83 /* Sources */,
				56FEE3B72372FFD500F82D83 /* Frameworks */,
				56FEE3B82372FFD500F82D83 /* Resources */,
				56FEE3DD2372FFF600F82D83 /* Embed App Extensions */,
				56FEE3E8237301F400F82D83 /* Embed Frameworks */,
			);
			buildRules = (
			);
			dependencies = (
				56FEE3D82372FFF600F82D83 /* PBXTargetDependency */,
			);
			name = mac_vpn_test2;
			productName = mac_vpn_test2;
			productReference = 56FEE3BA2372FFD500F82D83 /* mac_vpn_test2.app */;
			productType = "com.apple.product-type.application";
		};
		56FEE3D02372FFF600F82D83 /* PucketTunnelProvider */ = {
			isa = PBXNativeTarget;
			buildConfigurationList = 56FEE3DA2372FFF600F82D83 /* Build configuration list for PBXNativeTarget "PucketTunnelProvider" */;
			buildPhases = (
				56FEE3CD2372FFF600F82D83 /* Sources */,
				56FEE3CE2372FFF600F82D83 /* Frameworks */,
				56FEE3CF2372FFF600F82D83 /* Resources */,
				56FEE3E5237301EF00F82D83 /* Embed Frameworks */,
			);
			buildRules = (
			);
			dependencies = (
			);
			name = PucketTunnelProvider;
			productName = PucketTunnelProvider;
			productReference = 56FEE3D12372FFF600F82D83 /* PucketTunnelProvider.appex */;
			productType = "com.apple.product-type.app-extension";
		};
/* End PBXNativeTarget section */

/* Begin PBXProject section */
		56FEE3B22372FFD500F82D83 /* Project object */ = {
			isa = PBXProject;
			attributes = {
				LastSwiftUpdateCheck = 1120;
				LastUpgradeCheck = 1120;
				ORGANIZATIONNAME = 256devs;
				TargetAttributes = {
					56FEE3B92372FFD500F82D83 = {
						CreatedOnToolsVersion = 11.2;
					};
					56FEE3D02372FFF600F82D83 = {
						CreatedOnToolsVersion = 11.2;
					};
				};
			};
			buildConfigurationList = 56FEE3B52372FFD500F82D83 /* Build configuration list for PBXProject "mac_vpn_test2" */;
			compatibilityVersion = "Xcode 9.3";
			developmentRegion = en;
			hasScannedForEncodings = 0;
			knownRegions = (
				en,
				Base,
			);
			mainGroup = 56FEE3B12372FFD500F82D83;
			productRefGroup = 56FEE3BB2372FFD500F82D83 /* Products */;
			projectDirPath = "";
			projectRoot = "";
			targets = (
				56FEE3B92372FFD500F82D83 /* mac_vpn_test2 */,
				56FEE3D02372FFF600F82D83 /* PucketTunnelProvider */,
			);
		};
/* End PBXProject section */

/* Begin PBXResourcesBuildPhase section */
		56FEE3B82372FFD500F82D83 /* Resources */ = {
			isa = PBXResourcesBuildPhase;
			buildActionMask = 2147483647;
			files = (
				56FEE3C22372FFD600F82D83 /* Assets.xcassets in Resources */,
				56FEE3C52372FFD600F82D83 /* Main.storyboard in Resources */,
			);
			runOnlyForDeploymentPostprocessing = 0;
		};
		56FEE3CF2372FFF600F82D83 /* Resources */ = {
			isa = PBXResourcesBuildPhase;
			buildActionMask = 2147483647;
			files = (
			);
			runOnlyForDeploymentPostprocessing = 0;
		};
/* End PBXResourcesBuildPhase section */

/* Begin PBXSourcesBuildPhase section */
		56FEE3B62372FFD500F82D83 /* Sources */ = {
			isa = PBXSourcesBuildPhase;
			buildActionMask = 2147483647;
			files = (
				56FEE3C02372FFD500F82D83 /* ViewController.swift in Sources */,
				56FEE3BE2372FFD500F82D83 /* AppDelegate.swift in Sources */,
			);
			runOnlyForDeploymentPostprocessing = 0;
		};
		56FEE3CD2372FFF600F82D83 /* Sources */ = {
			isa = PBXSourcesBuildPhase;
			buildActionMask = 2147483647;
			files = (
				56FEE3EA2373023900F82D83 /* Then.swift in Sources */,
				56FEE3D42372FFF600F82D83 /* PacketTunnelProvider.swift in Sources */,
			);
			runOnlyForDeploymentPostprocessing = 0;
		};
/* End PBXSourcesBuildPhase section */

/* Begin PBXTargetDependency section */
		56FEE3D82372FFF600F82D83 /* PBXTargetDependency */ = {
			isa = PBXTargetDependency;
			target = 56FEE3D02372FFF600F82D83 /* PucketTunnelProvider */;
			targetProxy = 56FEE3D72372FFF600F82D83 /* PBXContainerItemProxy */;
		};
/* End PBXTargetDependency section */

/* Begin PBXVariantGroup section */
		56FEE3C32372FFD600F82D83 /* Main.storyboard */ = {
			isa = PBXVariantGroup;
			children = (
				56FEE3C42372FFD600F82D83 /* Base */,
			);
			name = Main.storyboard;
			sourceTree = "<group>";
		};
/* End PBXVariantGroup section */

/* Begin XCBuildConfiguration section */
		56FEE3C82372FFD600F82D83 /* Debug */ = {
			isa = XCBuildConfiguration;
			buildSettings = {
				ALWAYS_SEARCH_USER_PATHS = NO;
				CLANG_ANALYZER_NONNULL = YES;
				CLANG_ANALYZER_NUMBER_OBJECT_CONVERSION = YES_AGGRESSIVE;
				CLANG_CXX_LANGUAGE_STANDARD = "gnu++14";
				CLANG_CXX_LIBRARY = "libc++";
				CLANG_ENABLE_MODULES = YES;
				CLANG_ENABLE_OBJC_ARC = YES;
				CLANG_ENABLE_OBJC_WEAK = YES;
				CLANG_WARN_BLOCK_CAPTURE_AUTORELEASING = YES;
				CLANG_WARN_BOOL_CONVERSION = YES;
				CLANG_WARN_COMMA = YES;
				CLANG_WARN_CONSTANT_CONVERSION = YES;
				CLANG_WARN_DEPRECATED_OBJC_IMPLEMENTATIONS = YES;
				CLANG_WARN_DIRECT_OBJC_ISA_USAGE = YES_ERROR;
				CLANG_WARN_DOCUMENTATION_COMMENTS = YES;
				CLANG_WARN_EMPTY_BODY = YES;
				CLANG_WARN_ENUM_CONVERSION = YES;
				CLANG_WARN_INFINITE_RECURSION = YES;
				CLANG_WARN_INT_CONVERSION = YES;
				CLANG_WARN_NON_LITERAL_NULL_CONVERSION = YES;
				CLANG_WARN_OBJC_IMPLICIT_RETAIN_SELF = YES;
				CLANG_WARN_OBJC_LITERAL_CONVERSION = YES;
				CLANG_WARN_OBJC_ROOT_CLASS = YES_ERROR;
				CLANG_WARN_RANGE_LOOP_ANALYSIS = YES;
				CLANG_WARN_STRICT_PROTOTYPES = YES;
				CLANG_WARN_SUSPICIOUS_MOVE = YES;
				CLANG_WARN_UNGUARDED_AVAILABILITY = YES_AGGRESSIVE;
				CLANG_WARN_UNREACHABLE_CODE = YES;
				CLANG_WARN__DUPLICATE_METHOD_MATCH = YES;
				COPY_PHASE_STRIP = NO;
				DEBUG_INFORMATION_FORMAT = dwarf;
				ENABLE_STRICT_OBJC_MSGSEND = YES;
				ENABLE_TESTABILITY = YES;
				GCC_C_LANGUAGE_STANDARD = gnu11;
				GCC_DYNAMIC_NO_PIC = NO;
				GCC_NO_COMMON_BLOCKS = YES;
				GCC_OPTIMIZATION_LEVEL = 0;
				GCC_PREPROCESSOR_DEFINITIONS = (
					"DEBUG=1",
					"$(inherited)",
				);
				GCC_WARN_64_TO_32_BIT_CONVERSION = YES;
				GCC_WARN_ABOUT_RETURN_TYPE = YES_ERROR;
				GCC_WARN_UNDECLARED_SELECTOR = YES;
				GCC_WARN_UNINITIALIZED_AUTOS = YES_AGGRESSIVE;
				GCC_WARN_UNUSED_FUNCTION = YES;
				GCC_WARN_UNUSED_VARIABLE = YES;
				MACOSX_DEPLOYMENT_TARGET = 10.11;
				MTL_ENABLE_DEBUG_INFO = INCLUDE_SOURCE;
				MTL_FAST_MATH = YES;
				ONLY_ACTIVE_ARCH = YES;
				SDKROOT = macosx;
				SWIFT_ACTIVE_COMPILATION_CONDITIONS = DEBUG;
				SWIFT_OPTIMIZATION_LEVEL = "-Onone";
			};
			name = Debug;
		};
		56FEE3C92372FFD600F82D83 /* Release */ = {
			isa = XCBuildConfiguration;
			buildSettings = {
				ALWAYS_SEARCH_USER_PATHS = NO;
				CLANG_ANALYZER_NONNULL = YES;
				CLANG_ANALYZER_NUMBER_OBJECT_CONVERSION = YES_AGGRESSIVE;
				CLANG_CXX_LANGUAGE_STANDARD = "gnu++14";
				CLANG_CXX_LIBRARY = "libc++";
				CLANG_ENABLE_MODULES = YES;
				CLANG_ENABLE_OBJC_ARC = YES;
				CLANG_ENABLE_OBJC_WEAK = YES;
				CLANG_WARN_BLOCK_CAPTURE_AUTORELEASING = YES;
				CLANG_WARN_BOOL_CONVERSION = YES;
				CLANG_WARN_COMMA = YES;
				CLANG_WARN_CONSTANT_CONVERSION = YES;
				CLANG_WARN_DEPRECATED_OBJC_IMPLEMENTATIONS = YES;
				CLANG_WARN_DIRECT_OBJC_ISA_USAGE = YES_ERROR;
				CLANG_WARN_DOCUMENTATION_COMMENTS = YES;
				CLANG_WARN_EMPTY_BODY = YES;
				CLANG_WARN_ENUM_CONVERSION = YES;
				CLANG_WARN_INFINITE_RECURSION = YES;
				CLANG_WARN_INT_CONVERSION = YES;
				CLANG_WARN_NON_LITERAL_NULL_CONVERSION = YES;
				CLANG_WARN_OBJC_IMPLICIT_RETAIN_SELF = YES;
				CLANG_WARN_OBJC_LITERAL_CONVERSION = YES;
				CLANG_WARN_OBJC_ROOT_CLASS = YES_ERROR;
				CLANG_WARN_RANGE_LOOP_ANALYSIS = YES;
				CLANG_WARN_STRICT_PROTOTYPES = YES;
				CLANG_WARN_SUSPICIOUS_MOVE = YES;
				CLANG_WARN_UNGUARDED_AVAILABILITY = YES_AGGRESSIVE;
				CLANG_WARN_UNREACHABLE_CODE = YES;
				CLANG_WARN__DUPLICATE_METHOD_MATCH = YES;
				COPY_PHASE_STRIP = NO;
				DEBUG_INFORMATION_FORMAT = "dwarf-with-dsym";
				ENABLE_NS_ASSERTIONS = NO;
				ENABLE_STRICT_OBJC_MSGSEND = YES;
				GCC_C_LANGUAGE_STANDARD = gnu11;
				GCC_NO_COMMON_BLOCKS = YES;
				GCC_WARN_64_TO_32_BIT_CONVERSION = YES;
				GCC_WARN_ABOUT_RETURN_TYPE = YES_ERROR;
				GCC_WARN_UNDECLARED_SELECTOR = YES;
				GCC_WARN_UNINITIALIZED_AUTOS = YES_AGGRESSIVE;
				GCC_WARN_UNUSED_FUNCTION = YES;
				GCC_WARN_UNUSED_VARIABLE = YES;
				MACOSX_DEPLOYMENT_TARGET = 10.11;
				MTL_ENABLE_DEBUG_INFO = NO;
				MTL_FAST_MATH = YES;
				SDKROOT = macosx;
				SWIFT_COMPILATION_MODE = wholemodule;
				SWIFT_OPTIMIZATION_LEVEL = "-O";
			};
			name = Release;
		};
		56FEE3CB2372FFD600F82D83 /* Debug */ = {
			isa = XCBuildConfiguration;
			buildSettings = {
				ALWAYS_EMBED_SWIFT_STANDARD_LIBRARIES = YES;
				ASSETCATALOG_COMPILER_APPICON_NAME = AppIcon;
				CODE_SIGN_ENTITLEMENTS = mac_vpn_test2/mac_vpn_test2.entitlements;
				CODE_SIGN_IDENTITY = "Apple Development";
				CODE_SIGN_STYLE = Automatic;
				COMBINE_HIDPI_IMAGES = YES;
				DEVELOPMENT_TEAM = MAFH3456M3;
				ENABLE_HARDENED_RUNTIME = NO;
				FRAMEWORK_SEARCH_PATHS = (
					"$(inherited)",
					"$(PROJECT_DIR)/Carthage/Build/Mac",
				);
				INFOPLIST_FILE = mac_vpn_test2/Info.plist;
				LD_RUNPATH_SEARCH_PATHS = (
					"$(inherited)",
					"@executable_path/../Frameworks",
				);
				PRODUCT_BUNDLE_IDENTIFIER = "me.ss-macos-client.tunnel-provider";
				PRODUCT_NAME = "$(TARGET_NAME)";
				PROVISIONING_PROFILE_SPECIFIER = "";
				SWIFT_VERSION = 5.0;
			};
			name = Debug;
		};
		56FEE3CC2372FFD600F82D83 /* Release */ = {
			isa = XCBuildConfiguration;
			buildSettings = {
				ALWAYS_EMBED_SWIFT_STANDARD_LIBRARIES = YES;
				ASSETCATALOG_COMPILER_APPICON_NAME = AppIcon;
				CODE_SIGN_ENTITLEMENTS = mac_vpn_test2/mac_vpn_test2.entitlements;
				CODE_SIGN_IDENTITY = "Apple Development";
				CODE_SIGN_STYLE = Automatic;
				COMBINE_HIDPI_IMAGES = YES;
				DEVELOPMENT_TEAM = MAFH3456M3;
				ENABLE_HARDENED_RUNTIME = NO;
				FRAMEWORK_SEARCH_PATHS = (
					"$(inherited)",
					"$(PROJECT_DIR)/Carthage/Build/Mac",
				);
				INFOPLIST_FILE = mac_vpn_test2/Info.plist;
				LD_RUNPATH_SEARCH_PATHS = (
					"$(inherited)",
					"@executable_path/../Frameworks",
				);
				PRODUCT_BUNDLE_IDENTIFIER = "me.ss-macos-client.tunnel-provider";
				PRODUCT_NAME = "$(TARGET_NAME)";
				PROVISIONING_PROFILE_SPECIFIER = "";
				SWIFT_VERSION = 5.0;
			};
			name = Release;
		};
		56FEE3DB2372FFF600F82D83 /* Debug */ = {
			isa = XCBuildConfiguration;
			buildSettings = {
				CODE_SIGN_ENTITLEMENTS = PucketTunnelProvider/PucketTunnelProvider.entitlements;
				CODE_SIGN_IDENTITY = "Apple Development";
				CODE_SIGN_STYLE = Automatic;
				DEVELOPMENT_TEAM = MAFH3456M3;
				ENABLE_HARDENED_RUNTIME = NO;
				FRAMEWORK_SEARCH_PATHS = (
					"$(inherited)",
					"$(PROJECT_DIR)/Carthage/Build/Mac",
				);
				INFOPLIST_FILE = PucketTunnelProvider/Info.plist;
				LD_RUNPATH_SEARCH_PATHS = (
					"$(inherited)",
					"@executable_path/../Frameworks",
					"@executable_path/../../../../Frameworks",
				);
				MACOSX_DEPLOYMENT_TARGET = 10.11;
				PRODUCT_BUNDLE_IDENTIFIER = "me.ss-macos-client.tunnel-provider";
				PRODUCT_NAME = "$(TARGET_NAME)";
				PROVISIONING_PROFILE_SPECIFIER = "";
				SKIP_INSTALL = YES;
				SWIFT_VERSION = 5.0;
			};
			name = Debug;
		};
		56FEE3DC2372FFF600F82D83 /* Release */ = {
			isa = XCBuildConfiguration;
			buildSettings = {
				CODE_SIGN_ENTITLEMENTS = PucketTunnelProvider/PucketTunnelProvider.entitlements;
				CODE_SIGN_IDENTITY = "Apple Development";
				CODE_SIGN_STYLE = Automatic;
				DEVELOPMENT_TEAM = MAFH3456M3;
				ENABLE_HARDENED_RUNTIME = NO;
				FRAMEWORK_SEARCH_PATHS = (
					"$(inherited)",
					"$(PROJECT_DIR)/Carthage/Build/Mac",
				);
				INFOPLIST_FILE = PucketTunnelProvider/Info.plist;
				LD_RUNPATH_SEARCH_PATHS = (
					"$(inherited)",
					"@executable_path/../Frameworks",
					"@executable_path/../../../../Frameworks",
				);
				MACOSX_DEPLOYMENT_TARGET = 10.11;
				PRODUCT_BUNDLE_IDENTIFIER = "me.ss-macos-client.tunnel-provider";
				PRODUCT_NAME = "$(TARGET_NAME)";
				PROVISIONING_PROFILE_SPECIFIER = "";
				SKIP_INSTALL = YES;
				SWIFT_VERSION = 5.0;
			};
			name = Release;
		};
/* End XCBuildConfiguration section */

/* Begin XCConfigurationList section */
		56FEE3B52372FFD500F82D83 /* Build configuration list for PBXProject "mac_vpn_test2" */ = {
			isa = XCConfigurationList;
			buildConfigurations = (
				56FEE3C82372FFD600F82D83 /* Debug */,
				56FEE3C92372FFD600F82D83 /* Release */,
			);
			defaultConfigurationIsVisible = 0;
			defaultConfigurationName = Release;
		};
		56FEE3CA2372FFD600F82D83 /* Build configuration list for PBXNativeTarget "mac_vpn_test2" */ = {
			isa = XCConfigurationList;
			buildConfigurations = (
				56FEE3CB2372FFD600F82D83 /* Debug */,
				56FEE3CC2372FFD600F82D83 /* Release */,
			);
			defaultConfigurationIsVisible = 0;
			defaultConfigurationName = Release;
		};
		56FEE3DA2372FFF600F82D83 /* Build configuration list for PBXNativeTarget "PucketTunnelProvider" */ = {
			isa = XCConfigurationList;
			buildConfigurations = (
				56FEE3DB2372FFF600F82D83 /* Debug */,
				56FEE3DC2372FFF600F82D83 /* Release */,
			);
			defaultConfigurationIsVisible = 0;
			defaultConfigurationName = Release;
		};
/* End XCConfigurationList section */
	};
	rootObject = 56FEE3B22372FFD500F82D83 /* Project object */;
}
